
Microsoft Visual Studio Solution File, Format Version 12.00
# Visual Studio Version 16
VisualStudioVersion = 16.0.30907.101
MinimumVisualStudioVersion = 10.0.40219.1
Project("{FAE04EC0-301F-11D3-BF4B-00C04F79EFBC}") = "Prachecnaya", "Prachecnaya.csproj", "{501EB0AE-39CC-4967-93C7-7F11674D761B}"
EndProject
Global
	GlobalSection(SolutionConfigurationPlatforms) = preSolution
		Debug|Any CPU = Debug|Any CPU
		Release|Any CPU = Release|Any CPU
	EndGlobalSection
	GlobalSection(ProjectConfigurationPlatforms) = postSolution
		{501EB0AE-39CC-4967-93C7-7F11674D761B}.Debug|Any CPU.ActiveCfg = Debug|Any CPU
		{501EB0AE-39CC-4967-93C7-7F11674D761B}.Debug|Any CPU.Build.0 = Debug|Any CPU
		{501EB0AE-39CC-4967-93C7-7F11674D761B}.Release|Any CPU.ActiveCfg = Release|Any CPU
		{501EB0AE-39CC-4967-93C7-7F11674D761B}.Release|Any CPU.Build.0 = Release|Any CPU
	EndGlobalSection
	GlobalSection(SolutionProperties) = preSolution
		HideSolutionNode = FALSE
	EndGlobalSection
	GlobalSection(ExtensibilityGlobals) = postSolution
		SolutionGuid = {5A69BAA5-6D2A-4F91-BEB3-043A7674FC8B}
	EndGlobalSection
EndGlobal
